// !$*UTF8*$!
{
	archiveVersion = 1;
	classes = {
	};
	objectVersion = 56;
	objects = {

/* Begin PBXBuildFile section */
		8121EA552B9BA66A006FDB03 /* AvocadosView.swift in Sources */ = {isa = PBXBuildFile; fileRef = 8121EA542B9BA66A006FDB03 /* AvocadosView.swift */; };
		8121EA572B9BA68A006FDB03 /* RipeningStagesView.swift in Sources */ = {isa = PBXBuildFile; fileRef = 8121EA562B9BA68A006FDB03 /* RipeningStagesView.swift */; };
		8121EA592B9BA6B7006FDB03 /* SettingView.swift in Sources */ = {isa = PBXBuildFile; fileRef = 8121EA582B9BA6B7006FDB03 /* SettingView.swift */; };
		8121EA5B2B9BA6D3006FDB03 /* AppView.swift in Sources */ = {isa = PBXBuildFile; fileRef = 8121EA5A2B9BA6D3006FDB03 /* AppView.swift */; };
		8121EA5D2B9BB36E006FDB03 /* HeaderView.swift in Sources */ = {isa = PBXBuildFile; fileRef = 8121EA5C2B9BB36E006FDB03 /* HeaderView.swift */; };
		8121EA612B9CEE0F006FDB03 /* HeaderModel.swift in Sources */ = {isa = PBXBuildFile; fileRef = 8121EA602B9CEE0F006FDB03 /* HeaderModel.swift */; };
		8121EA632B9CEEAA006FDB03 /* HeaderData.swift in Sources */ = {isa = PBXBuildFile; fileRef = 8121EA622B9CEEAA006FDB03 /* HeaderData.swift */; };
		8121EA652B9CF0C2006FDB03 /* DishesView.swift in Sources */ = {isa = PBXBuildFile; fileRef = 8121EA642B9CF0C2006FDB03 /* DishesView.swift */; };
		8147F8042B9F96550005E4CE /* RipeningView.swift in Sources */ = {isa = PBXBuildFile; fileRef = 8147F8032B9F96550005E4CE /* RipeningView.swift */; };
		815C14C92B980718009FFE6F /* Avocados_RecipeApp.swift in Sources */ = {isa = PBXBuildFile; fileRef = 815C14C82B980718009FFE6F /* Avocados_RecipeApp.swift */; };
		815C14CB2B980718009FFE6F /* ContentView.swift in Sources */ = {isa = PBXBuildFile; fileRef = 815C14CA2B980718009FFE6F /* ContentView.swift */; };
		815C14CD2B980721009FFE6F /* Assets.xcassets in Resources */ = {isa = PBXBuildFile; fileRef = 815C14CC2B980721009FFE6F /* Assets.xcassets */; };
		815C14D02B980721009FFE6F /* Preview Assets.xcassets in Resources */ = {isa = PBXBuildFile; fileRef = 815C14CF2B980721009FFE6F /* Preview Assets.xcassets */; };
		8195F8972B9E4C8F00D1948F /* FactsView.swift in Sources */ = {isa = PBXBuildFile; fileRef = 8195F8962B9E4C8F00D1948F /* FactsView.swift */; };
		8195F8992B9E58C800D1948F /* FactModel.swift in Sources */ = {isa = PBXBuildFile; fileRef = 8195F8982B9E58C800D1948F /* FactModel.swift */; };
		8195F89B2B9E590200D1948F /* FactData.swift in Sources */ = {isa = PBXBuildFile; fileRef = 8195F89A2B9E590200D1948F /* FactData.swift */; };
		8195F89D2B9E5C8F00D1948F /* RecipeModel.swift in Sources */ = {isa = PBXBuildFile; fileRef = 8195F89C2B9E5C8F00D1948F /* RecipeModel.swift */; };
		8195F8A12B9E5D2600D1948F /* RecipeData.swift in Sources */ = {isa = PBXBuildFile; fileRef = 8195F8A02B9E5D2600D1948F /* RecipeData.swift */; };
		8195F8A32B9E5D7700D1948F /* RecipeCardView.swift in Sources */ = {isa = PBXBuildFile; fileRef = 8195F8A22B9E5D7700D1948F /* RecipeCardView.swift */; };
		8195F8A52B9E913B00D1948F /* RecipeDetailView.swift in Sources */ = {isa = PBXBuildFile; fileRef = 8195F8A42B9E913B00D1948F /* RecipeDetailView.swift */; };
		8195F8A72B9E917E00D1948F /* RecipeRatingView.swift in Sources */ = {isa = PBXBuildFile; fileRef = 8195F8A62B9E917E00D1948F /* RecipeRatingView.swift */; };
		8195F8A92B9E91D700D1948F /* RecipeCookingView.swift in Sources */ = {isa = PBXBuildFile; fileRef = 8195F8A82B9E91D700D1948F /* RecipeCookingView.swift */; };
		81C41DC22BA28FB600ECB364 /* RipeningModel.swift in Sources */ = {isa = PBXBuildFile; fileRef = 81C41DC12BA28FB600ECB364 /* RipeningModel.swift */; };
		81C41DC42BA2902600ECB364 /* RipeningData.swift in Sources */ = {isa = PBXBuildFile; fileRef = 81C41DC32BA2902600ECB364 /* RipeningData.swift */; };
		81CAEA962B9948CF008DBCBD /* Launch Screen.storyboard in Resources */ = {isa = PBXBuildFile; fileRef = 81CAEA952B9948CF008DBCBD /* Launch Screen.storyboard */; };
/* End PBXBuildFile section */

/* Begin PBXFileReference section */
		8121EA542B9BA66A006FDB03 /* AvocadosView.swift */ = {isa = PBXFileReference; lastKnownFileType = sourcecode.swift; path = AvocadosView.swift; sourceTree = "<group>"; };
		8121EA562B9BA68A006FDB03 /* RipeningStagesView.swift */ = {isa = PBXFileReference; lastKnownFileType = sourcecode.swift; path = RipeningStagesView.swift; sourceTree = "<group>"; };
		8121EA582B9BA6B7006FDB03 /* SettingView.swift */ = {isa = PBXFileReference; lastKnownFileType = sourcecode.swift; path = SettingView.swift; sourceTree = "<group>"; };
		8121EA5A2B9BA6D3006FDB03 /* AppView.swift */ = {isa = PBXFileReference; lastKnownFileType = sourcecode.swift; path = AppView.swift; sourceTree = "<group>"; };
		8121EA5C2B9BB36E006FDB03 /* HeaderView.swift */ = {isa = PBXFileReference; lastKnownFileType = sourcecode.swift; path = HeaderView.swift; sourceTree = "<group>"; };
		8121EA602B9CEE0F006FDB03 /* HeaderModel.swift */ = {isa = PBXFileReference; lastKnownFileType = sourcecode.swift; path = HeaderModel.swift; sourceTree = "<group>"; };
		8121EA622B9CEEAA006FDB03 /* HeaderData.swift */ = {isa = PBXFileReference; lastKnownFileType = sourcecode.swift; path = HeaderData.swift; sourceTree = "<group>"; };
		8121EA642B9CF0C2006FDB03 /* DishesView.swift */ = {isa = PBXFileReference; lastKnownFileType = sourcecode.swift; path = DishesView.swift; sourceTree = "<group>"; };
		8147F8032B9F96550005E4CE /* RipeningView.swift */ = {isa = PBXFileReference; lastKnownFileType = sourcecode.swift; path = RipeningView.swift; sourceTree = "<group>"; };
		815C14C52B980718009FFE6F /* Avocados-Recipe.app */ = {isa = PBXFileReference; explicitFileType = wrapper.application; includeInIndex = 0; path = "Avocados-Recipe.app"; sourceTree = BUILT_PRODUCTS_DIR; };
		815C14C82B980718009FFE6F /* Avocados_RecipeApp.swift */ = {isa = PBXFileReference; lastKnownFileType = sourcecode.swift; path = Avocados_RecipeApp.swift; sourceTree = "<group>"; };
		815C14CA2B980718009FFE6F /* ContentView.swift */ = {isa = PBXFileReference; lastKnownFileType = sourcecode.swift; path = ContentView.swift; sourceTree = "<group>"; };
		815C14CC2B980721009FFE6F /* Assets.xcassets */ = {isa = PBXFileReference; lastKnownFileType = folder.assetcatalog; path = Assets.xcassets; sourceTree = "<group>"; };
		815C14CF2B980721009FFE6F /* Preview Assets.xcassets */ = {isa = PBXFileReference; lastKnownFileType = folder.assetcatalog; path = "Preview Assets.xcassets"; sourceTree = "<group>"; };
		8195F8962B9E4C8F00D1948F /* FactsView.swift */ = {isa = PBXFileReference; lastKnownFileType = sourcecode.swift; path = FactsView.swift; sourceTree = "<group>"; };
		8195F8982B9E58C800D1948F /* FactModel.swift */ = {isa = PBXFileReference; lastKnownFileType = sourcecode.swift; path = FactModel.swift; sourceTree = "<group>"; };
		8195F89A2B9E590200D1948F /* FactData.swift */ = {isa = PBXFileReference; lastKnownFileType = sourcecode.swift; path = FactData.swift; sourceTree = "<group>"; };
		8195F89C2B9E5C8F00D1948F /* RecipeModel.swift */ = {isa = PBXFileReference; lastKnownFileType = sourcecode.swift; path = RecipeModel.swift; sourceTree = "<group>"; };
		8195F8A02B9E5D2600D1948F /* RecipeData.swift */ = {isa = PBXFileReference; lastKnownFileType = sourcecode.swift; path = RecipeData.swift; sourceTree = "<group>"; };
		8195F8A22B9E5D7700D1948F /* RecipeCardView.swift */ = {isa = PBXFileReference; lastKnownFileType = sourcecode.swift; path = RecipeCardView.swift; sourceTree = "<group>"; };
		8195F8A42B9E913B00D1948F /* RecipeDetailView.swift */ = {isa = PBXFileReference; lastKnownFileType = sourcecode.swift; path = RecipeDetailView.swift; sourceTree = "<group>"; };
		8195F8A62B9E917E00D1948F /* RecipeRatingView.swift */ = {isa = PBXFileReference; lastKnownFileType = sourcecode.swift; path = RecipeRatingView.swift; sourceTree = "<group>"; };
		8195F8A82B9E91D700D1948F /* RecipeCookingView.swift */ = {isa = PBXFileReference; lastKnownFileType = sourcecode.swift; path = RecipeCookingView.swift; sourceTree = "<group>"; };
		81C41DC12BA28FB600ECB364 /* RipeningModel.swift */ = {isa = PBXFileReference; lastKnownFileType = sourcecode.swift; path = RipeningModel.swift; sourceTree = "<group>"; };
		81C41DC32BA2902600ECB364 /* RipeningData.swift */ = {isa = PBXFileReference; lastKnownFileType = sourcecode.swift; path = RipeningData.swift; sourceTree = "<group>"; };
		81CAEA952B9948CF008DBCBD /* Launch Screen.storyboard */ = {isa = PBXFileReference; lastKnownFileType = file.storyboard; path = "Launch Screen.storyboard"; sourceTree = "<group>"; };
/* End PBXFileReference section */

/* Begin PBXFrameworksBuildPhase section */
		815C14C22B980718009FFE6F /* Frameworks */ = {
			isa = PBXFrameworksBuildPhase;
			buildActionMask = 2147483647;
			files = (
			);
			runOnlyForDeploymentPostprocessing = 0;
		};
/* End PBXFrameworksBuildPhase section */

/* Begin PBXGroup section */
		8121EA512B9BA642006FDB03 /* Data */ = {
			isa = PBXGroup;
			children = (
				8121EA622B9CEEAA006FDB03 /* HeaderData.swift */,
				8195F89A2B9E590200D1948F /* FactData.swift */,
				8195F8A02B9E5D2600D1948F /* RecipeData.swift */,
				81C41DC32BA2902600ECB364 /* RipeningData.swift */,
			);
			path = Data;
			sourceTree = "<group>";
		};
		8121EA522B9BA64C006FDB03 /* Model */ = {
			isa = PBXGroup;
			children = (
				8121EA602B9CEE0F006FDB03 /* HeaderModel.swift */,
				8195F8982B9E58C800D1948F /* FactModel.swift */,
				8195F89C2B9E5C8F00D1948F /* RecipeModel.swift */,
				81C41DC12BA28FB600ECB364 /* RipeningModel.swift */,
			);
			path = Model;
			sourceTree = "<group>";
		};
		8121EA532B9BA655006FDB03 /* View */ = {
			isa = PBXGroup;
			children = (
				815C14CA2B980718009FFE6F /* ContentView.swift */,
				8121EA542B9BA66A006FDB03 /* AvocadosView.swift */,
				8121EA562B9BA68A006FDB03 /* RipeningStagesView.swift */,
				8121EA582B9BA6B7006FDB03 /* SettingView.swift */,
				8121EA5A2B9BA6D3006FDB03 /* AppView.swift */,
				8121EA5C2B9BB36E006FDB03 /* HeaderView.swift */,
				8121EA642B9CF0C2006FDB03 /* DishesView.swift */,
				8195F8962B9E4C8F00D1948F /* FactsView.swift */,
				8195F8A22B9E5D7700D1948F /* RecipeCardView.swift */,
				8195F8A42B9E913B00D1948F /* RecipeDetailView.swift */,
				8195F8A62B9E917E00D1948F /* RecipeRatingView.swift */,
				8195F8A82B9E91D700D1948F /* RecipeCookingView.swift */,
				8147F8032B9F96550005E4CE /* RipeningView.swift */,
			);
			path = View;
			sourceTree = "<group>";
		};
		815C14BC2B980718009FFE6F = {
			isa = PBXGroup;
			children = (
				815C14C72B980718009FFE6F /* Avocados-Recipe */,
				815C14C62B980718009FFE6F /* Products */,
			);
			sourceTree = "<group>";
		};
		815C14C62B980718009FFE6F /* Products */ = {
			isa = PBXGroup;
			children = (
				815C14C52B980718009FFE6F /* Avocados-Recipe.app */,
			);
			name = Products;
			sourceTree = "<group>";
		};
		815C14C72B980718009FFE6F /* Avocados-Recipe */ = {
			isa = PBXGroup;
			children = (
				8121EA532B9BA655006FDB03 /* View */,
				8121EA522B9BA64C006FDB03 /* Model */,
				8121EA512B9BA642006FDB03 /* Data */,
				815C14C82B980718009FFE6F /* Avocados_RecipeApp.swift */,
				815C14CC2B980721009FFE6F /* Assets.xcassets */,
				815C14CE2B980721009FFE6F /* Preview Content */,
				81CAEA952B9948CF008DBCBD /* Launch Screen.storyboard */,
			);
			path = "Avocados-Recipe";
			sourceTree = "<group>";
		};
		815C14CE2B980721009FFE6F /* Preview Content */ = {
			isa = PBXGroup;
			children = (
				815C14CF2B980721009FFE6F /* Preview Assets.xcassets */,
			);
			path = "Preview Content";
			sourceTree = "<group>";
		};
/* End PBXGroup section */

/* Begin PBXNativeTarget section */
		815C14C42B980718009FFE6F /* Avocados-Recipe */ = {
			isa = PBXNativeTarget;
			buildConfigurationList = 815C14D32B980721009FFE6F /* Build configuration list for PBXNativeTarget "Avocados-Recipe" */;
			buildPhases = (
				815C14C12B980718009FFE6F /* Sources */,
				815C14C22B980718009FFE6F /* Frameworks */,
				815C14C32B980718009FFE6F /* Resources */,
			);
			buildRules = (
			);
			dependencies = (
			);
			name = "Avocados-Recipe";
			productName = "Avocados-Recipe";
			productReference = 815C14C52B980718009FFE6F /* Avocados-Recipe.app */;
			productType = "com.apple.product-type.application";
		};
/* End PBXNativeTarget section */

/* Begin PBXProject section */
		815C14BD2B980718009FFE6F /* Project object */ = {
			isa = PBXProject;
			attributes = {
				BuildIndependentTargetsInParallel = 1;
				LastSwiftUpdateCheck = 1510;
				LastUpgradeCheck = 1510;
				TargetAttributes = {
					815C14C42B980718009FFE6F = {
						CreatedOnToolsVersion = 15.1;
					};
				};
			};
			buildConfigurationList = 815C14C02B980718009FFE6F /* Build configuration list for PBXProject "Avocados-Recipe" */;
			compatibilityVersion = "Xcode 14.0";
			developmentRegion = en;
			hasScannedForEncodings = 0;
			knownRegions = (
				en,
				Base,
			);
			mainGroup = 815C14BC2B980718009FFE6F;
			productRefGroup = 815C14C62B980718009FFE6F /* Products */;
			projectDirPath = "";
			projectRoot = "";
			targets = (
				815C14C42B980718009FFE6F /* Avocados-Recipe */,
			);
		};
/* End PBXProject section */

/* Begin PBXResourcesBuildPhase section */
		815C14C32B980718009FFE6F /* Resources */ = {
			isa = PBXResourcesBuildPhase;
			buildActionMask = 2147483647;
			files = (
				81CAEA962B9948CF008DBCBD /* Launch Screen.storyboard in Resources */,
				815C14D02B980721009FFE6F /* Preview Assets.xcassets in Resources */,
				815C14CD2B980721009FFE6F /* Assets.xcassets in Resources */,
			);
			runOnlyForDeploymentPostprocessing = 0;
		};
/* End PBXResourcesBuildPhase section */

/* Begin PBXSourcesBuildPhase section */
		815C14C12B980718009FFE6F /* Sources */ = {
			isa = PBXSourcesBuildPhase;
			buildActionMask = 2147483647;
			files = (
				815C14CB2B980718009FFE6F /* ContentView.swift in Sources */,
				8121EA592B9BA6B7006FDB03 /* SettingView.swift in Sources */,
				81C41DC22BA28FB600ECB364 /* RipeningModel.swift in Sources */,
				8121EA5B2B9BA6D3006FDB03 /* AppView.swift in Sources */,
				8121EA572B9BA68A006FDB03 /* RipeningStagesView.swift in Sources */,
				81C41DC42BA2902600ECB364 /* RipeningData.swift in Sources */,
				8195F8A92B9E91D700D1948F /* RecipeCookingView.swift in Sources */,
				815C14C92B980718009FFE6F /* Avocados_RecipeApp.swift in Sources */,
				8121EA552B9BA66A006FDB03 /* AvocadosView.swift in Sources */,
				8121EA612B9CEE0F006FDB03 /* HeaderModel.swift in Sources */,
				8195F8A72B9E917E00D1948F /* RecipeRatingView.swift in Sources */,
				8195F89D2B9E5C8F00D1948F /* RecipeModel.swift in Sources */,
				8121EA632B9CEEAA006FDB03 /* HeaderData.swift in Sources */,
				8121EA652B9CF0C2006FDB03 /* DishesView.swift in Sources */,
				8147F8042B9F96550005E4CE /* RipeningView.swift in Sources */,
				8195F8992B9E58C800D1948F /* FactModel.swift in Sources */,
				8195F8972B9E4C8F00D1948F /* FactsView.swift in Sources */,
				8195F8A32B9E5D7700D1948F /* RecipeCardView.swift in Sources */,
				8195F8A12B9E5D2600D1948F /* RecipeData.swift in Sources */,
				8121EA5D2B9BB36E006FDB03 /* HeaderView.swift in Sources */,
				8195F89B2B9E590200D1948F /* FactData.swift in Sources */,
				8195F8A52B9E913B00D1948F /* RecipeDetailView.swift in Sources */,
			);
			runOnlyForDeploymentPostprocessing = 0;
		};
/* End PBXSourcesBuildPhase section */

/* Begin XCBuildConfiguration section */
		815C14D12B980721009FFE6F /* Debug */ = {
			isa = XCBuildConfiguration;
			buildSettings = {
				ALWAYS_SEARCH_USER_PATHS = NO;
				ASSETCATALOG_COMPILER_GENERATE_SWIFT_ASSET_SYMBOL_EXTENSIONS = YES;
				CLANG_ANALYZER_NONNULL = YES;
				CLANG_ANALYZER_NUMBER_OBJECT_CONVERSION = YES_AGGRESSIVE;
				CLANG_CXX_LANGUAGE_STANDARD = "gnu++20";
				CLANG_ENABLE_MODULES = YES;
				CLANG_ENABLE_OBJC_ARC = YES;
				CLANG_ENABLE_OBJC_WEAK = YES;
				CLANG_WARN_BLOCK_CAPTURE_AUTORELEASING = YES;
				CLANG_WARN_BOOL_CONVERSION = YES;
				CLANG_WARN_COMMA = YES;
				CLANG_WARN_CONSTANT_CONVERSION = YES;
				CLANG_WARN_DEPRECATED_OBJC_IMPLEMENTATIONS = YES;
				CLANG_WARN_DIRECT_OBJC_ISA_USAGE = YES_ERROR;
				CLANG_WARN_DOCUMENTATION_COMMENTS = YES;
				CLANG_WARN_EMPTY_BODY = YES;
				CLANG_WARN_ENUM_CONVERSION = YES;
				CLANG_WARN_INFINITE_RECURSION = YES;
				CLANG_WARN_INT_CONVERSION = YES;
				CLANG_WARN_NON_LITERAL_NULL_CONVERSION = YES;
				CLANG_WARN_OBJC_IMPLICIT_RETAIN_SELF = YES;
				CLANG_WARN_OBJC_LITERAL_CONVERSION = YES;
				CLANG_WARN_OBJC_ROOT_CLASS = YES_ERROR;
				CLANG_WARN_QUOTED_INCLUDE_IN_FRAMEWORK_HEADER = YES;
				CLANG_WARN_RANGE_LOOP_ANALYSIS = YES;
				CLANG_WARN_STRICT_PROTOTYPES = YES;
				CLANG_WARN_SUSPICIOUS_MOVE = YES;
				CLANG_WARN_UNGUARDED_AVAILABILITY = YES_AGGRESSIVE;
				CLANG_WARN_UNREACHABLE_CODE = YES;
				CLANG_WARN__DUPLICATE_METHOD_MATCH = YES;
				COPY_PHASE_STRIP = NO;
				DEBUG_INFORMATION_FORMAT = dwarf;
				ENABLE_STRICT_OBJC_MSGSEND = YES;
				ENABLE_TESTABILITY = YES;
				ENABLE_USER_SCRIPT_SANDBOXING = YES;
				GCC_C_LANGUAGE_STANDARD = gnu17;
				GCC_DYNAMIC_NO_PIC = NO;
				GCC_NO_COMMON_BLOCKS = YES;
				GCC_OPTIMIZATION_LEVEL = 0;
				GCC_PREPROCESSOR_DEFINITIONS = (
					"DEBUG=1",
					"$(inherited)",
				);
				GCC_WARN_64_TO_32_BIT_CONVERSION = YES;
				GCC_WARN_ABOUT_RETURN_TYPE = YES_ERROR;
				GCC_WARN_UNDECLARED_SELECTOR = YES;
				GCC_WARN_UNINITIALIZED_AUTOS = YES_AGGRESSIVE;
				GCC_WARN_UNUSED_FUNCTION = YES;
				GCC_WARN_UNUSED_VARIABLE = YES;
				IPHONEOS_DEPLOYMENT_TARGET = 17.2;
				LOCALIZATION_PREFERS_STRING_CATALOGS = YES;
				MTL_ENABLE_DEBUG_INFO = INCLUDE_SOURCE;
				MTL_FAST_MATH = YES;
				ONLY_ACTIVE_ARCH = YES;
				SDKROOT = iphoneos;
				SWIFT_ACTIVE_COMPILATION_CONDITIONS = "DEBUG $(inherited)";
				SWIFT_OPTIMIZATION_LEVEL = "-Onone";
			};
			name = Debug;
		};
		815C14D22B980721009FFE6F /* Release */ = {
			isa = XCBuildConfiguration;
			buildSettings = {
				ALWAYS_SEARCH_USER_PATHS = NO;
				ASSETCATALOG_COMPILER_GENERATE_SWIFT_ASSET_SYMBOL_EXTENSIONS = YES;
				CLANG_ANALYZER_NONNULL = YES;
				CLANG_ANALYZER_NUMBER_OBJECT_CONVERSION = YES_AGGRESSIVE;
				CLANG_CXX_LANGUAGE_STANDARD = "gnu++20";
				CLANG_ENABLE_MODULES = YES;
				CLANG_ENABLE_OBJC_ARC = YES;
				CLANG_ENABLE_OBJC_WEAK = YES;
				CLANG_WARN_BLOCK_CAPTURE_AUTORELEASING = YES;
				CLANG_WARN_BOOL_CONVERSION = YES;
				CLANG_WARN_COMMA = YES;
				CLANG_WARN_CONSTANT_CONVERSION = YES;
				CLANG_WARN_DEPRECATED_OBJC_IMPLEMENTATIONS = YES;
				CLANG_WARN_DIRECT_OBJC_ISA_USAGE = YES_ERROR;
				CLANG_WARN_DOCUMENTATION_COMMENTS = YES;
				CLANG_WARN_EMPTY_BODY = YES;
				CLANG_WARN_ENUM_CONVERSION = YES;
				CLANG_WARN_INFINITE_RECURSION = YES;
				CLANG_WARN_INT_CONVERSION = YES;
				CLANG_WARN_NON_LITERAL_NULL_CONVERSION = YES;
				CLANG_WARN_OBJC_IMPLICIT_RETAIN_SELF = YES;
				CLANG_WARN_OBJC_LITERAL_CONVERSION = YES;
				CLANG_WARN_OBJC_ROOT_CLASS = YES_ERROR;
				CLANG_WARN_QUOTED_INCLUDE_IN_FRAMEWORK_HEADER = YES;
				CLANG_WARN_RANGE_LOOP_ANALYSIS = YES;
				CLANG_WARN_STRICT_PROTOTYPES = YES;
				CLANG_WARN_SUSPICIOUS_MOVE = YES;
				CLANG_WARN_UNGUARDED_AVAILABILITY = YES_AGGRESSIVE;
				CLANG_WARN_UNREACHABLE_CODE = YES;
				CLANG_WARN__DUPLICATE_METHOD_MATCH = YES;
				COPY_PHASE_STRIP = NO;
				DEBUG_INFORMATION_FORMAT = "dwarf-with-dsym";
				ENABLE_NS_ASSERTIONS = NO;
				ENABLE_STRICT_OBJC_MSGSEND = YES;
				ENABLE_USER_SCRIPT_SANDBOXING = YES;
				GCC_C_LANGUAGE_STANDARD = gnu17;
				GCC_NO_COMMON_BLOCKS = YES;
				GCC_WARN_64_TO_32_BIT_CONVERSION = YES;
				GCC_WARN_ABOUT_RETURN_TYPE = YES_ERROR;
				GCC_WARN_UNDECLARED_SELECTOR = YES;
				GCC_WARN_UNINITIALIZED_AUTOS = YES_AGGRESSIVE;
				GCC_WARN_UNUSED_FUNCTION = YES;
				GCC_WARN_UNUSED_VARIABLE = YES;
				IPHONEOS_DEPLOYMENT_TARGET = 17.2;
				LOCALIZATION_PREFERS_STRING_CATALOGS = YES;
				MTL_ENABLE_DEBUG_INFO = NO;
				MTL_FAST_MATH = YES;
				SDKROOT = iphoneos;
				SWIFT_COMPILATION_MODE = wholemodule;
				VALIDATE_PRODUCT = YES;
			};
			name = Release;
		};
		815C14D42B980721009FFE6F /* Debug */ = {
			isa = XCBuildConfiguration;
			buildSettings = {
				ASSETCATALOG_COMPILER_APPICON_NAME = AppIcon;
				ASSETCATALOG_COMPILER_GLOBAL_ACCENT_COLOR_NAME = AccentColor;
				CODE_SIGN_STYLE = Automatic;
				CURRENT_PROJECT_VERSION = 1;
				DEVELOPMENT_ASSET_PATHS = "\"Avocados-Recipe/Preview Content\"";
				DEVELOPMENT_TEAM = 89XL2U9KQ5;
				ENABLE_PREVIEWS = YES;
				GENERATE_INFOPLIST_FILE = YES;
				INFOPLIST_KEY_UIApplicationSceneManifest_Generation = YES;
				INFOPLIST_KEY_UIApplicationSupportsIndirectInputEvents = YES;
				INFOPLIST_KEY_UILaunchScreen_Generation = YES;
				INFOPLIST_KEY_UISupportedInterfaceOrientations = UIInterfaceOrientationPortrait;
				INFOPLIST_KEY_UISupportedInterfaceOrientations_iPad = "UIInterfaceOrientationLandscapeLeft UIInterfaceOrientationLandscapeRight UIInterfaceOrientationPortrait UIInterfaceOrientationPortraitUpsideDown";
				LD_RUNPATH_SEARCH_PATHS = (
					"$(inherited)",
					"@executable_path/Frameworks",
				);
				MARKETING_VERSION = 1.0;
				PRODUCT_BUNDLE_IDENTIFIER = "com.iosk.Avocados-Recipe";
				PRODUCT_NAME = "$(TARGET_NAME)";
				SWIFT_EMIT_LOC_STRINGS = YES;
				SWIFT_VERSION = 5.0;
				TARGETED_DEVICE_FAMILY = "1,2";
			};
			name = Debug;
		};
		815C14D52B980721009FFE6F /* Release */ = {
			isa = XCBuildConfiguration;
			buildSettings = {
				ASSETCATALOG_COMPILER_APPICON_NAME = AppIcon;
				ASSETCATALOG_COMPILER_GLOBAL_ACCENT_COLOR_NAME = AccentColor;
				CODE_SIGN_STYLE = Automatic;
				CURRENT_PROJECT_VERSION = 1;
				DEVELOPMENT_ASSET_PATHS = "\"Avocados-Recipe/Preview Content\"";
				DEVELOPMENT_TEAM = 89XL2U9KQ5;
				ENABLE_PREVIEWS = YES;
				GENERATE_INFOPLIST_FILE = YES;
				INFOPLIST_KEY_UIApplicationSceneManifest_Generation = YES;
				INFOPLIST_KEY_UIApplicationSupportsIndirectInputEvents = YES;
				INFOPLIST_KEY_UILaunchScreen_Generation = YES;
				INFOPLIST_KEY_UISupportedInterfaceOrientations = UIInterfaceOrientationPortrait;
				INFOPLIST_KEY_UISupportedInterfaceOrientations_iPad = "UIInterfaceOrientationLandscapeLeft UIInterfaceOrientationLandscapeRight UIInterfaceOrientationPortrait UIInterfaceOrientationPortraitUpsideDown";
				LD_RUNPATH_SEARCH_PATHS = (
					"$(inherited)",
					"@executable_path/Frameworks",
				);
				MARKETING_VERSION = 1.0;
				PRODUCT_BUNDLE_IDENTIFIER = "com.iosk.Avocados-Recipe";
				PRODUCT_NAME = "$(TARGET_NAME)";
				SWIFT_EMIT_LOC_STRINGS = YES;
				SWIFT_VERSION = 5.0;
				TARGETED_DEVICE_FAMILY = "1,2";
			};
			name = Release;
		};
/* End XCBuildConfiguration section */

/* Begin XCConfigurationList section */
		815C14C02B980718009FFE6F /* Build configuration list for PBXProject "Avocados-Recipe" */ = {
			isa = XCConfigurationList;
			buildConfigurations = (
				815C14D12B980721009FFE6F /* Debug */,
				815C14D22B980721009FFE6F /* Release */,
			);
			defaultConfigurationIsVisible = 0;
			defaultConfigurationName = Release;
		};
		815C14D32B980721009FFE6F /* Build configuration list for PBXNativeTarget "Avocados-Recipe" */ = {
			isa = XCConfigurationList;
			buildConfigurations = (
				815C14D42B980721009FFE6F /* Debug */,
				815C14D52B980721009FFE6F /* Release */,
			);
			defaultConfigurationIsVisible = 0;
			defaultConfigurationName = Release;
		};
/* End XCConfigurationList section */
	};
	rootObject = 815C14BD2B980718009FFE6F /* Project object */;
}
